
Microsoft Visual Studio Solution File, Format Version 12.00
# Visual Studio Version 17
VisualStudioVersion = 17.12.35506.116
MinimumVisualStudioVersion = 10.0.40219.1
Project("{FAE04EC0-301F-11D3-BF4B-00C04F79EFBC}") = "Lulusia", "Lulusia\Lulusia.csproj", "{84F69243-3497-4AA6-A7F0-36D1CB7874D5}"
EndProject
Project("{FAE04EC0-301F-11D3-BF4B-00C04F79EFBC}") = "Common", "Common\Common.csproj", "{E16D905F-EBBF-4FE4-988C-828CB44940DC}"
EndProject
Project("{FAE04EC0-301F-11D3-BF4B-00C04F79EFBC}") = "BusinessLogic", "BusinessLogic\BusinessLogic.csproj", "{4BFCFD0A-4BC9-4142-A443-565B91CC328F}"
EndProject
Project("{FAE04EC0-301F-11D3-BF4B-00C04F79EFBC}") = "DataAccess", "DataAccess\DataAccess.csproj", "{BE39F1C3-FABF-4B15-90CD-FBD297A7EB0E}"
EndProject
Project("{FAE04EC0-301F-11D3-BF4B-00C04F79EFBC}") = "LulusiaAdmin.Server", "LulusiaAdmin\LulusiaAdmin.Server\LulusiaAdmin.Server.csproj", "{5D677EDB-EE41-4183-9E34-F754B35447C1}"
EndProject
Project("{54A90642-561A-4BB1-A94E-469ADEE60C69}") = "lulusiaadmin.client", "LulusiaAdmin\lulusiaadmin.client\lulusiaadmin.client.esproj", "{EA341DA9-219C-44CA-9855-0FC92EC67A61}"
EndProject
Project("{FAE04EC0-301F-11D3-BF4B-00C04F79EFBC}") = "LulusiaConsoleApp", "LulusiaConsoleApp\LulusiaConsoleApp.csproj", "{2B133311-A002-472E-AF4D-46773E9D8820}"
EndProject
Project("{2150E333-8FDC-42A3-9474-1A3956D46DE8}") = "Libraries", "Libraries", "{6B5E63D0-C0D8-4706-9291-6A910C531E48}"
EndProject
Project("{FAE04EC0-301F-11D3-BF4B-00C04F79EFBC}") = "LipstickDataAccess", "LipstickDataAccess\LipstickDataAccess.csproj", "{E316CF71-FE72-4D7A-A307-D36A93545EC0}"
EndProject
Project("{FAE04EC0-301F-11D3-BF4B-00C04F79EFBC}") = "LipstickBusinessLogic", "LipstickBusinessLogic\LipstickBusinessLogic.csproj", "{DEBBDB3E-8A91-64F0-2FF9-87816F6CAC71}"
EndProject
Project("{FAE04EC0-301F-11D3-BF4B-00C04F79EFBC}") = "Common.Test", "Common.Test\Common.Test.csproj", "{B2BE7055-267E-4B81-9C11-01EABDA318C2}"
EndProject
Project("{FAE04EC0-301F-11D3-BF4B-00C04F79EFBC}") = "SlideshowBusinessLogic", "SlideshowBusinessLogic\SlideshowBusinessLogic.csproj", "{5E65D858-1407-4DB4-880B-A0C5C31BD816}"
EndProject
Project("{FAE04EC0-301F-11D3-BF4B-00C04F79EFBC}") = "SlideshowDataAccess", "SlideshowDataAccess\SlideshowDataAccess.csproj", "{B5FB9364-5D64-413E-8556-3B208924ACA4}"
EndProject
Project("{FAE04EC0-301F-11D3-BF4B-00C04F79EFBC}") = "VOCBusinessLogic", "VOCBusinessLogic\VOCBusinessLogic.csproj", "{69EB2984-FB0F-4D4B-A900-2FCDB5374F95}"
EndProject
Project("{FAE04EC0-301F-11D3-BF4B-00C04F79EFBC}") = "VOCDataAccess", "VOCDataAccess\VOCDataAccess.csproj", "{63749E0D-3565-4457-895E-62C42385F689}"
EndProject
Project("{FAE04EC0-301F-11D3-BF4B-00C04F79EFBC}") = "SurveyBusinessLogic", "SurveyBusinessLogic\SurveyBusinessLogic.csproj", "{0558C3B8-E6F5-4DFD-B88E-E206DFFA9359}"
EndProject
Project("{FAE04EC0-301F-11D3-BF4B-00C04F79EFBC}") = "SurveyDataAccess", "SurveyDataAccess\SurveyDataAccess.csproj", "{7C86113E-41A0-405C-AE9A-DF50616880DE}"
EndProject
Project("{2150E333-8FDC-42A3-9474-1A3956D46DE8}") = "Services", "Services", "{02EA681E-C7D8-13C7-8484-4AC65E1B71E8}"
EndProject
Project("{FAE04EC0-301F-11D3-BF4B-00C04F79EFBC}") = "SMSService", "SMSService\SMSService.csproj", "{69B6B8B0-3348-4F5C-8770-0CADAABA454D}"
EndProject
Project("{FAE04EC0-301F-11D3-BF4B-00C04F79EFBC}") = "PaymentService", "PaymentService\PaymentService.csproj", "{2F7B0B66-6FEF-468C-B7BD-B18B4B1F6F57}"
EndProject
Global
	GlobalSection(SolutionConfigurationPlatforms) = preSolution
		Debug|Any CPU = Debug|Any CPU
		Release|Any CPU = Release|Any CPU
	EndGlobalSection
	GlobalSection(ProjectConfigurationPlatforms) = postSolution
		{84F69243-3497-4AA6-A7F0-36D1CB7874D5}.Debug|Any CPU.ActiveCfg = Debug|Any CPU
		{84F69243-3497-4AA6-A7F0-36D1CB7874D5}.Debug|Any CPU.Build.0 = Debug|Any CPU
		{84F69243-3497-4AA6-A7F0-36D1CB7874D5}.Release|Any CPU.ActiveCfg = Release|Any CPU
		{84F69243-3497-4AA6-A7F0-36D1CB7874D5}.Release|Any CPU.Build.0 = Release|Any CPU
		{E16D905F-EBBF-4FE4-988C-828CB44940DC}.Debug|Any CPU.ActiveCfg = Debug|Any CPU
		{E16D905F-EBBF-4FE4-988C-828CB44940DC}.Debug|Any CPU.Build.0 = Debug|Any CPU
		{E16D905F-EBBF-4FE4-988C-828CB44940DC}.Release|Any CPU.ActiveCfg = Release|Any CPU
		{E16D905F-EBBF-4FE4-988C-828CB44940DC}.Release|Any CPU.Build.0 = Release|Any CPU
		{4BFCFD0A-4BC9-4142-A443-565B91CC328F}.Debug|Any CPU.ActiveCfg = Debug|Any CPU
		{4BFCFD0A-4BC9-4142-A443-565B91CC328F}.Debug|Any CPU.Build.0 = Debug|Any CPU
		{4BFCFD0A-4BC9-4142-A443-565B91CC328F}.Release|Any CPU.ActiveCfg = Release|Any CPU
		{4BFCFD0A-4BC9-4142-A443-565B91CC328F}.Release|Any CPU.Build.0 = Release|Any CPU
		{BE39F1C3-FABF-4B15-90CD-FBD297A7EB0E}.Debug|Any CPU.ActiveCfg = Debug|Any CPU
		{BE39F1C3-FABF-4B15-90CD-FBD297A7EB0E}.Debug|Any CPU.Build.0 = Debug|Any CPU
		{BE39F1C3-FABF-4B15-90CD-FBD297A7EB0E}.Release|Any CPU.ActiveCfg = Release|Any CPU
		{BE39F1C3-FABF-4B15-90CD-FBD297A7EB0E}.Release|Any CPU.Build.0 = Release|Any CPU
		{5D677EDB-EE41-4183-9E34-F754B35447C1}.Debug|Any CPU.ActiveCfg = Debug|Any CPU
		{5D677EDB-EE41-4183-9E34-F754B35447C1}.Debug|Any CPU.Build.0 = Debug|Any CPU
		{5D677EDB-EE41-4183-9E34-F754B35447C1}.Release|Any CPU.ActiveCfg = Release|Any CPU
		{5D677EDB-EE41-4183-9E34-F754B35447C1}.Release|Any CPU.Build.0 = Release|Any CPU
		{EA341DA9-219C-44CA-9855-0FC92EC67A61}.Debug|Any CPU.ActiveCfg = Debug|Any CPU
		{EA341DA9-219C-44CA-9855-0FC92EC67A61}.Debug|Any CPU.Build.0 = Debug|Any CPU
		{EA341DA9-219C-44CA-9855-0FC92EC67A61}.Debug|Any CPU.Deploy.0 = Debug|Any CPU
		{EA341DA9-219C-44CA-9855-0FC92EC67A61}.Release|Any CPU.ActiveCfg = Release|Any CPU
		{EA341DA9-219C-44CA-9855-0FC92EC67A61}.Release|Any CPU.Build.0 = Release|Any CPU
		{EA341DA9-219C-44CA-9855-0FC92EC67A61}.Release|Any CPU.Deploy.0 = Release|Any CPU
		{2B133311-A002-472E-AF4D-46773E9D8820}.Debug|Any CPU.ActiveCfg = Debug|Any CPU
		{2B133311-A002-472E-AF4D-46773E9D8820}.Debug|Any CPU.Build.0 = Debug|Any CPU
		{2B133311-A002-472E-AF4D-46773E9D8820}.Release|Any CPU.ActiveCfg = Release|Any CPU
		{2B133311-A002-472E-AF4D-46773E9D8820}.Release|Any CPU.Build.0 = Release|Any CPU
		{E316CF71-FE72-4D7A-A307-D36A93545EC0}.Debug|Any CPU.ActiveCfg = Debug|Any CPU
		{E316CF71-FE72-4D7A-A307-D36A93545EC0}.Debug|Any CPU.Build.0 = Debug|Any CPU
		{E316CF71-FE72-4D7A-A307-D36A93545EC0}.Release|Any CPU.ActiveCfg = Release|Any CPU
		{E316CF71-FE72-4D7A-A307-D36A93545EC0}.Release|Any CPU.Build.0 = Release|Any CPU
		{DEBBDB3E-8A91-64F0-2FF9-87816F6CAC71}.Debug|Any CPU.ActiveCfg = Debug|Any CPU
		{DEBBDB3E-8A91-64F0-2FF9-87816F6CAC71}.Debug|Any CPU.Build.0 = Debug|Any CPU
		{DEBBDB3E-8A91-64F0-2FF9-87816F6CAC71}.Release|Any CPU.ActiveCfg = Release|Any CPU
		{DEBBDB3E-8A91-64F0-2FF9-87816F6CAC71}.Release|Any CPU.Build.0 = Release|Any CPU
		{B2BE7055-267E-4B81-9C11-01EABDA318C2}.Debug|Any CPU.ActiveCfg = Debug|Any CPU
		{B2BE7055-267E-4B81-9C11-01EABDA318C2}.Debug|Any CPU.Build.0 = Debug|Any CPU
		{B2BE7055-267E-4B81-9C11-01EABDA318C2}.Release|Any CPU.ActiveCfg = Release|Any CPU
		{B2BE7055-267E-4B81-9C11-01EABDA318C2}.Release|Any CPU.Build.0 = Release|Any CPU
		{5E65D858-1407-4DB4-880B-A0C5C31BD816}.Debug|Any CPU.ActiveCfg = Debug|Any CPU
		{5E65D858-1407-4DB4-880B-A0C5C31BD816}.Debug|Any CPU.Build.0 = Debug|Any CPU
		{5E65D858-1407-4DB4-880B-A0C5C31BD816}.Release|Any CPU.ActiveCfg = Release|Any CPU
		{5E65D858-1407-4DB4-880B-A0C5C31BD816}.Release|Any CPU.Build.0 = Release|Any CPU
		{B5FB9364-5D64-413E-8556-3B208924ACA4}.Debug|Any CPU.ActiveCfg = Debug|Any CPU
		{B5FB9364-5D64-413E-8556-3B208924ACA4}.Debug|Any CPU.Build.0 = Debug|Any CPU
		{B5FB9364-5D64-413E-8556-3B208924ACA4}.Release|Any CPU.ActiveCfg = Release|Any CPU
		{B5FB9364-5D64-413E-8556-3B208924ACA4}.Release|Any CPU.Build.0 = Release|Any CPU
		{69EB2984-FB0F-4D4B-A900-2FCDB5374F95}.Debug|Any CPU.ActiveCfg = Debug|Any CPU
		{69EB2984-FB0F-4D4B-A900-2FCDB5374F95}.Debug|Any CPU.Build.0 = Debug|Any CPU
		{69EB2984-FB0F-4D4B-A900-2FCDB5374F95}.Release|Any CPU.ActiveCfg = Release|Any CPU
		{69EB2984-FB0F-4D4B-A900-2FCDB5374F95}.Release|Any CPU.Build.0 = Release|Any CPU
		{63749E0D-3565-4457-895E-62C42385F689}.Debug|Any CPU.ActiveCfg = Debug|Any CPU
		{63749E0D-3565-4457-895E-62C42385F689}.Debug|Any CPU.Build.0 = Debug|Any CPU
		{63749E0D-3565-4457-895E-62C42385F689}.Release|Any CPU.ActiveCfg = Release|Any CPU
		{63749E0D-3565-4457-895E-62C42385F689}.Release|Any CPU.Build.0 = Release|Any CPU
		{0558C3B8-E6F5-4DFD-B88E-E206DFFA9359}.Debug|Any CPU.ActiveCfg = Debug|Any CPU
		{0558C3B8-E6F5-4DFD-B88E-E206DFFA9359}.Debug|Any CPU.Build.0 = Debug|Any CPU
		{0558C3B8-E6F5-4DFD-B88E-E206DFFA9359}.Release|Any CPU.ActiveCfg = Release|Any CPU
		{0558C3B8-E6F5-4DFD-B88E-E206DFFA9359}.Release|Any CPU.Build.0 = Release|Any CPU
		{7C86113E-41A0-405C-AE9A-DF50616880DE}.Debug|Any CPU.ActiveCfg = Debug|Any CPU
		{7C86113E-41A0-405C-AE9A-DF50616880DE}.Debug|Any CPU.Build.0 = Debug|Any CPU
		{7C86113E-41A0-405C-AE9A-DF50616880DE}.Release|Any CPU.ActiveCfg = Release|Any CPU
		{7C86113E-41A0-405C-AE9A-DF50616880DE}.Release|Any CPU.Build.0 = Release|Any CPU
		{69B6B8B0-3348-4F5C-8770-0CADAABA454D}.Debug|Any CPU.ActiveCfg = Debug|Any CPU
		{69B6B8B0-3348-4F5C-8770-0CADAABA454D}.Debug|Any CPU.Build.0 = Debug|Any CPU
		{69B6B8B0-3348-4F5C-8770-0CADAABA454D}.Release|Any CPU.ActiveCfg = Release|Any CPU
		{69B6B8B0-3348-4F5C-8770-0CADAABA454D}.Release|Any CPU.Build.0 = Release|Any CPU
		{2F7B0B66-6FEF-468C-B7BD-B18B4B1F6F57}.Debug|Any CPU.ActiveCfg = Debug|Any CPU
		{2F7B0B66-6FEF-468C-B7BD-B18B4B1F6F57}.Debug|Any CPU.Build.0 = Debug|Any CPU
		{2F7B0B66-6FEF-468C-B7BD-B18B4B1F6F57}.Release|Any CPU.ActiveCfg = Release|Any CPU
		{2F7B0B66-6FEF-468C-B7BD-B18B4B1F6F57}.Release|Any CPU.Build.0 = Release|Any CPU
	EndGlobalSection
	GlobalSection(SolutionProperties) = preSolution
		HideSolutionNode = FALSE
	EndGlobalSection
	GlobalSection(NestedProjects) = preSolution
		{E16D905F-EBBF-4FE4-988C-828CB44940DC} = {6B5E63D0-C0D8-4706-9291-6A910C531E48}
		{4BFCFD0A-4BC9-4142-A443-565B91CC328F} = {6B5E63D0-C0D8-4706-9291-6A910C531E48}
		{BE39F1C3-FABF-4B15-90CD-FBD297A7EB0E} = {6B5E63D0-C0D8-4706-9291-6A910C531E48}
		{E316CF71-FE72-4D7A-A307-D36A93545EC0} = {6B5E63D0-C0D8-4706-9291-6A910C531E48}
		{DEBBDB3E-8A91-64F0-2FF9-87816F6CAC71} = {6B5E63D0-C0D8-4706-9291-6A910C531E48}
		{B2BE7055-267E-4B81-9C11-01EABDA318C2} = {6B5E63D0-C0D8-4706-9291-6A910C531E48}
		{5E65D858-1407-4DB4-880B-A0C5C31BD816} = {6B5E63D0-C0D8-4706-9291-6A910C531E48}
		{B5FB9364-5D64-413E-8556-3B208924ACA4} = {6B5E63D0-C0D8-4706-9291-6A910C531E48}
		{69EB2984-FB0F-4D4B-A900-2FCDB5374F95} = {6B5E63D0-C0D8-4706-9291-6A910C531E48}
		{63749E0D-3565-4457-895E-62C42385F689} = {6B5E63D0-C0D8-4706-9291-6A910C531E48}
		{0558C3B8-E6F5-4DFD-B88E-E206DFFA9359} = {6B5E63D0-C0D8-4706-9291-6A910C531E48}
		{7C86113E-41A0-405C-AE9A-DF50616880DE} = {6B5E63D0-C0D8-4706-9291-6A910C531E48}
		{69B6B8B0-3348-4F5C-8770-0CADAABA454D} = {02EA681E-C7D8-13C7-8484-4AC65E1B71E8}
		{2F7B0B66-6FEF-468C-B7BD-B18B4B1F6F57} = {02EA681E-C7D8-13C7-8484-4AC65E1B71E8}
	EndGlobalSection
	GlobalSection(ExtensibilityGlobals) = postSolution
		SolutionGuid = {F91FBBAB-EFE6-465A-90AB-8A5F865CD80E}
	EndGlobalSection
EndGlobal
